{
  "name": "eval-codemonk_json2bash",
  "version": "1.0.0",
  "lockfileVersion": 2,
  "requires": true,
  "packages": {
    "": {
      "name": "eval-codemonk_json2bash",
      "version": "1.0.0",
      "license": "ISC",
      "dependencies": {
        "@code_monk/json2bash": "^1.1.1"
      }
    },
    "node_modules/@code_monk/json2bash": {
      "version": "1.1.1",
      "resolved": "https://registry.npmjs.org/@code_monk/json2bash/-/json2bash-1.1.1.tgz",
      "integrity": "sha1-qQhROFhsjgnDP+fV6kgvtfHrjQg=",
      "bin": {
        "json2bash": "bin/json2bash"
      },
      "engines": {
        "node": ">=6.0.0"
      }
    }
  },
  "dependencies": {
    "@code_monk/json2bash": {
      "version": "1.1.1",
      "resolved": "https://registry.npmjs.org/@code_monk/json2bash/-/json2bash-1.1.1.tgz",
      "integrity": "sha1-qQhROFhsjgnDP+fV6kgvtfHrjQg="
    }
  }
}
